
Microsoft Visual Studio Solution File, Format Version 12.00
# Visual Studio Version 17
VisualStudioVersion = 17.8.34511.84
MinimumVisualStudioVersion = 10.0.40219.1
Project("{FAE04EC0-301F-11D3-BF4B-00C04F79EFBC}") = "AutoKeyboard", "AutoKeyboard.csproj", "{CF88548B-BE21-45B1-B153-1FEE46B95CAA}"
EndProject
Global
	GlobalSection(SolutionConfigurationPlatforms) = preSolution
		Debug|Any CPU = Debug|Any CPU
		Release|Any CPU = Release|Any CPU
	EndGlobalSection
	GlobalSection(ProjectConfigurationPlatforms) = postSolution
		{CF88548B-BE21-45B1-B153-1FEE46B95CAA}.Debug|Any CPU.ActiveCfg = Debug|Any CPU
		{CF88548B-BE21-45B1-B153-1FEE46B95CAA}.Debug|Any CPU.Build.0 = Debug|Any CPU
		{CF88548B-BE21-45B1-B153-1FEE46B95CAA}.Release|Any CPU.ActiveCfg = Release|Any CPU
		{CF88548B-BE21-45B1-B153-1FEE46B95CAA}.Release|Any CPU.Build.0 = Release|Any CPU
	EndGlobalSection
	GlobalSection(SolutionProperties) = preSolution
		HideSolutionNode = FALSE
	EndGlobalSection
	GlobalSection(ExtensibilityGlobals) = postSolution
		SolutionGuid = {9EA75E7C-97B7-44D4-9FD6-19061AE3C140}
	EndGlobalSection
EndGlobal
